
Microsoft Visual Studio Solution File, Format Version 12.00
# Visual Studio Version 16
VisualStudioVersion = 16.0.29102.190
MinimumVisualStudioVersion = 10.0.40219.1
Project("{FAE04EC0-301F-11D3-BF4B-00C04F79EFBC}") = "DailyPlanner", "DailyPlanner\DailyPlanner.csproj", "{D08F6F30-5F7D-4413-8373-4342EC106659}"
EndProject
Global
	GlobalSection(SolutionConfigurationPlatforms) = preSolution
		Debug|Any CPU = Debug|Any CPU
		Release|Any CPU = Release|Any CPU
	EndGlobalSection
	GlobalSection(ProjectConfigurationPlatforms) = postSolution
		{D08F6F30-5F7D-4413-8373-4342EC106659}.Debug|Any CPU.ActiveCfg = Debug|Any CPU
		{D08F6F30-5F7D-4413-8373-4342EC106659}.Debug|Any CPU.Build.0 = Debug|Any CPU
		{D08F6F30-5F7D-4413-8373-4342EC106659}.Release|Any CPU.ActiveCfg = Release|Any CPU
		{D08F6F30-5F7D-4413-8373-4342EC106659}.Release|Any CPU.Build.0 = Release|Any CPU
	EndGlobalSection
	GlobalSection(SolutionProperties) = preSolution
		HideSolutionNode = FALSE
	EndGlobalSection
	GlobalSection(ExtensibilityGlobals) = postSolution
		SolutionGuid = {13BD8BF0-01C5-49AC-BC9E-C64D5BAF47E7}
	EndGlobalSection
EndGlobal
